
Microsoft Visual Studio Solution File, Format Version 12.00
# Visual Studio Version 17
VisualStudioVersion = 17.6.33829.357
MinimumVisualStudioVersion = 10.0.40219.1
Project("{FAE04EC0-301F-11D3-BF4B-00C04F79EFBC}") = "Task_1", "Task_1\Task_1.csproj", "{EA8A0C95-00DA-4F01-B836-42189973B9A0}"
EndProject
Project("{FAE04EC0-301F-11D3-BF4B-00C04F79EFBC}") = "Task_2", "Task_2\Task_2.csproj", "{C49CB734-2EBF-4BE2-A62F-99AC589F5D61}"
EndProject
Project("{FAE04EC0-301F-11D3-BF4B-00C04F79EFBC}") = "Task_3", "Task_3\Task_3.csproj", "{534D6198-306B-4729-B333-1522CB0A00BA}"
EndProject
Global
	GlobalSection(SolutionConfigurationPlatforms) = preSolution
		Debug|Any CPU = Debug|Any CPU
		Release|Any CPU = Release|Any CPU
	EndGlobalSection
	GlobalSection(ProjectConfigurationPlatforms) = postSolution
		{EA8A0C95-00DA-4F01-B836-42189973B9A0}.Debug|Any CPU.ActiveCfg = Debug|Any CPU
		{EA8A0C95-00DA-4F01-B836-42189973B9A0}.Debug|Any CPU.Build.0 = Debug|Any CPU
		{EA8A0C95-00DA-4F01-B836-42189973B9A0}.Release|Any CPU.ActiveCfg = Release|Any CPU
		{EA8A0C95-00DA-4F01-B836-42189973B9A0}.Release|Any CPU.Build.0 = Release|Any CPU
		{C49CB734-2EBF-4BE2-A62F-99AC589F5D61}.Debug|Any CPU.ActiveCfg = Debug|Any CPU
		{C49CB734-2EBF-4BE2-A62F-99AC589F5D61}.Debug|Any CPU.Build.0 = Debug|Any CPU
		{C49CB734-2EBF-4BE2-A62F-99AC589F5D61}.Release|Any CPU.ActiveCfg = Release|Any CPU
		{C49CB734-2EBF-4BE2-A62F-99AC589F5D61}.Release|Any CPU.Build.0 = Release|Any CPU
		{534D6198-306B-4729-B333-1522CB0A00BA}.Debug|Any CPU.ActiveCfg = Debug|Any CPU
		{534D6198-306B-4729-B333-1522CB0A00BA}.Debug|Any CPU.Build.0 = Debug|Any CPU
		{534D6198-306B-4729-B333-1522CB0A00BA}.Release|Any CPU.ActiveCfg = Release|Any CPU
		{534D6198-306B-4729-B333-1522CB0A00BA}.Release|Any CPU.Build.0 = Release|Any CPU
	EndGlobalSection
	GlobalSection(SolutionProperties) = preSolution
		HideSolutionNode = FALSE
	EndGlobalSection
	GlobalSection(ExtensibilityGlobals) = postSolution
		SolutionGuid = {07E732BC-7789-403F-9877-A2BFC3C0BF61}
	EndGlobalSection
EndGlobal
